# This file is automatically @generated by Cargo.
# It is not intended for manual editing.
[[package]]
name = "myros"
version = "0.1.0-dev"
dependencies = [
 "nasm-rs",
]

[[package]]
name = "nasm-rs"
version = "0.1.7"
source = "registry+https://github.com/rust-lang/crates.io-index"
checksum = "fea4fa2ba8f650120445ddcf137d8a6370ff01d55f00e6b29e0ab01b7c846464"
